cloud.google.com/go v0.23.0 h1:w1svupRqvZnfjN9+KksMiggoIRQuMzWkVzpxcR96xDs=
cloud.google.com/go v0.23.0/go.mod h1:aQUYkXzVsufM+DwF1aE+0xfcU+56JwCaLick0ClmMTw=
github.com/golang/protobuf v0.0.0-20180518215737-70c277a8a150 h1:aJtDUouTRGdVMx+k0OC32D8DhKmXxLwXxj+n+iJ4u+8=
github.com/golang/protobuf v0.0.0-20180518215737-70c277a8a150/go.mod h1:6lQm79b+lXiMfvg/cZm0SGofjICqVBUtrP5yJMmIC1U=
github.com/grafana/grafana_plugin_model v0.0.0-20180118101258-dfe5dc0a6ce0 h1:3HLz6dslXI/Wgih8ti1qYegHqEAncmfB2eHm0XGYiRc=
github.com/grafana/grafana_plugin_model v0.0.0-20180118101258-dfe5dc0a6ce0/go.mod h1:70BFhO60E3e7kq+ssiouwX/HX5DvQ3L6XffdH0S2YfU=
github.com/hashicorp/go-hclog v0.0.0-20180402200405-69ff559dc25f h1:t34t/ySFIGsPOLQ/dCcKeCoErlqhXlNLYvPn7mVogzo=
github.com/hashicorp/go-hclog v0.0.0-20180402200405-69ff559dc25f/go.mod h1:9bjs9uLqI8l75knNv3lV1kA55veR+WUPSiKIWcQHudI=
github.com/hashicorp/go-plugin v0.0.0-20170828024549-3e6d191694b5 h1:mfD+PYlio50hDw9wiY+exwg3QeCVEsEAzH7KSxtXcNk=
github.com/hashicorp/go-plugin v0.0.0-20170828024549-3e6d191694b5/go.mod h1:JSqWYsict+jzcj0+xElxyrBQRPNoiWQuddnxArJ7XHQ=
github.com/hashicorp/yamux v0.0.0-20180314200745-2f1d1f20f75d5404f53b9edf6b53ed5505508675 h1:ON1wYyAO/IFfExD3c1aUdPd8BVKaje6xWHOcP6eLnxg=
github.com/hashicorp/yamux v0.0.0-20180314200745-2f1d1f20f75d5404f53b9edf6b53ed5505508675/go.mod h1:+NfK9FKeTrX5uv1uIXGdwYDTeHna2qgaIlx54MXqjAM=
github.com/mitchellh/go-testing-interface v0.0.0-20171004221916-a61a99592b77 h1:7GoSOOW2jpsfkntVKaS2rAr1TJqfcxotyaUcuxoZSzg=
github.com/mitchellh/go-testing-interface v0.0.0-20171004221916-a61a99592b77/go.mod h1:kRemZodwjscx+RGhAo8eIhFbs2+BFgRtFPeD/KE+zxI=
golang.org/x/net v0.0.0-20180519122554-57065200b4b0 h1:QTObP7iCbAilq2V5ptSYrIOdTsdhvdUWzvm2i8Yo4m0=
golang.org/x/net v0.0.0-20180519122554-57065200b4b0/go.mod h1:mL1N/T3taQHkDXs73rZJwtUhF3w3ftmwwsq0BUmARs4=
golang.org/x/oauth2 v0.0.0-20180503012634-cdc340f7c179 h1:i7nIATcLJZqBHx/NOl8hfnkelUjmcyEhCN1/oISBrUc=
golang.org/x/oauth2 v0.0.0-20180503012634-cdc340f7c179/go.mod h1:N/0e6XlmueqKjAGxoOufVs8QHGRruUQn6yWY3a++T0U=
golang.org/x/text v0.3.0 h1:g61tztE5qeGQ89tm6NTjjM9VPIm088od1l6aSorWRWg=
golang.org/x/text v0.3.0/go.mod h1:NqM8EUOU14njkJ3fqMW+pc6Ldnwhi/IjpwHt7yyuwOQ=
google.golang.org/api v0.0.0-20180519000834-4f7dd2b006a4 h1:lEh95zJLztHGvhMMmyNaucsnVRaV5xMtZ8gn46ul2LA=
google.golang.org/api v0.0.0-20180519000834-4f7dd2b006a4/go.mod h1:4mhQ8q/RsB7i+udVvVy5NUi08OU8ZlA0gRVgrF7VFY0=
google.golang.org/appengine v1.0.0/go.mod h1:EbEs0AVv82hx2wNQdGPgUI5lhzA/G0D9YwlJXL52JkM=
google.golang.org/genproto v0.0.0-20180518175338-11a468237815 h1:p3qKkjcSW6m32Lr1CInA3jW53vG29/JB6QOvQWie5WI=
google.golang.org/genproto v0.0.0-20180518175338-11a468237815/go.mod h1:JiN7NxoALGmiZfu7CAH4rXhgtRTLTxftemlI0sWmxmc=
google.golang.org/grpc v1.12.0 h1:Mm8atZtkT+P6R43n/dqNDWkPPu5BwRVu/1rJnJCeZH8=
google.golang.org/grpc v1.12.0/go.mod h1:yo6s7OP7yaDglbqo1J04qKzAhqBH6lvTonzMVmEdcZw=
